# THIS IS AN AUTOGENERATED FILE. DO NOT EDIT THIS FILE DIRECTLY.
# yarn lockfile v1


"@tweenjs/tween.js@^18":
  version "18.6.4"
  resolved "https://registry.npmmirror.com/@tweenjs/tween.js/-/tween.js-18.6.4.tgz#40a3d0a93647124872dec8e0fd1bd5926695b6ca"
  integrity sha512-lB9lMjuqjtuJrx7/kOkqQBtllspPIN+96OvTCeJ2j5FEzinoAXTdAMFnDAQT1KVPRlnYfBrqxtqP66vDM40xxQ==

three@^0.145.0:
  version "0.145.0"
  resolved "https://registry.npmmirror.com/three/-/three-0.145.0.tgz#a613d71e75effc2aed88be630027ca01e2b6502e"
  integrity sha512-EKoHQEtEJ4CB6b2BGMBgLZrfwLjXcSUfoI/MiIXUuRpeYsfK5aPWbYhdtIVWOH+x6X0TouldHKHBuc/LAiFzAw==

uuid4@^2.0.3:
  version "2.0.3"
  resolved "https://registry.npmmirror.com/uuid4/-/uuid4-2.0.3.tgz#241e5dfe1704a79c52e2aa40e7e581a5e7b01ab4"
  integrity sha512-CTpAkEVXMNJl2ojgtpLXHgz23dh8z81u6/HEPiQFOvBc/c2pde6TVHmH4uwY0d/GLF3tb7+VDAj4+2eJaQSdZQ==
